// !$*UTF8*$!
{
	archiveVersion = 1;
	classes = {
	};
	objectVersion = 50;
	objects = {

/* Begin PBXBuildFile section */
		A68011C3242FEF410021E65C /* AppDelegate.swift in Sources */ = {isa = PBXBuildFile; fileRef = A68011C2242FEF410021E65C /* AppDelegate.swift */; };
		A68011C5242FEF410021E65C /* SceneDelegate.swift in Sources */ = {isa = PBXBuildFile; fileRef = A68011C4242FEF410021E65C /* SceneDelegate.swift */; };
		A68011C7242FEF410021E65C /* MealViewController.swift in Sources */ = {isa = PBXBuildFile; fileRef = A68011C6242FEF410021E65C /* MealViewController.swift */; };
		A68011CA242FEF410021E65C /* Main.storyboard in Resources */ = {isa = PBXBuildFile; fileRef = A68011C8242FEF410021E65C /* Main.storyboard */; };
		A68011CC242FEF490021E65C /* Assets.xcassets in Resources */ = {isa = PBXBuildFile; fileRef = A68011CB242FEF490021E65C /* Assets.xcassets */; };
		A68011CF242FEF490021E65C /* LaunchScreen.storyboard in Resources */ = {isa = PBXBuildFile; fileRef = A68011CD242FEF490021E65C /* LaunchScreen.storyboard */; };
		A68011DA242FEF490021E65C /* FoodTrackerTests.swift in Sources */ = {isa = PBXBuildFile; fileRef = A68011D9242FEF490021E65C /* FoodTrackerTests.swift */; };
		A6A7A5162434142300054C18 /* RatingControl.swift in Sources */ = {isa = PBXBuildFile; fileRef = A6A7A5152434142300054C18 /* RatingControl.swift */; };
		A6A7A5182434C41F00054C18 /* Meal.swift in Sources */ = {isa = PBXBuildFile; fileRef = A6A7A5172434C41F00054C18 /* Meal.swift */; };
		A6A7A51A24353C0600054C18 /* MealTableViewCell.swift in Sources */ = {isa = PBXBuildFile; fileRef = A6A7A51924353C0600054C18 /* MealTableViewCell.swift */; };
		A6A7A51C24353F3E00054C18 /* MealTableViewController.swift in Sources */ = {isa = PBXBuildFile; fileRef = A6A7A51B24353F3E00054C18 /* MealTableViewController.swift */; };
/* End PBXBuildFile section */

/* Begin PBXContainerItemProxy section */
		A68011D6242FEF490021E65C /* PBXContainerItemProxy */ = {
			isa = PBXContainerItemProxy;
			containerPortal = A68011B7242FEF410021E65C /* Project object */;
			proxyType = 1;
			remoteGlobalIDString = A68011BE242FEF410021E65C;
			remoteInfo = FoodTracker;
		};
/* End PBXContainerItemProxy section */

/* Begin PBXFileReference section */
		A68011BF242FEF410021E65C /* FoodTracker.app */ = {isa = PBXFileReference; explicitFileType = wrapper.application; includeInIndex = 0; path = FoodTracker.app; sourceTree = BUILT_PRODUCTS_DIR; };
		A68011C2242FEF410021E65C /* AppDelegate.swift */ = {isa = PBXFileReference; lastKnownFileType = sourcecode.swift; path = AppDelegate.swift; sourceTree = "<group>"; };
		A68011C4242FEF410021E65C /* SceneDelegate.swift */ = {isa = PBXFileReference; lastKnownFileType = sourcecode.swift; path = SceneDelegate.swift; sourceTree = "<group>"; };
		A68011C6242FEF410021E65C /* MealViewController.swift */ = {isa = PBXFileReference; lastKnownFileType = sourcecode.swift; path = MealViewController.swift; sourceTree = "<group>"; };
		A68011C9242FEF410021E65C /* Base */ = {isa = PBXFileReference; lastKnownFileType = file.storyboard; name = Base; path = Base.lproj/Main.storyboard; sourceTree = "<group>"; };
		A68011CB242FEF490021E65C /* Assets.xcassets */ = {isa = PBXFileReference; lastKnownFileType = folder.assetcatalog; path = Assets.xcassets; sourceTree = "<group>"; };
		A68011CE242FEF490021E65C /* Base */ = {isa = PBXFileReference; lastKnownFileType = file.storyboard; name = Base; path = Base.lproj/LaunchScreen.storyboard; sourceTree = "<group>"; };
		A68011D0242FEF490021E65C /* Info.plist */ = {isa = PBXFileReference; lastKnownFileType = text.plist.xml; path = Info.plist; sourceTree = "<group>"; };
		A68011D5242FEF490021E65C /* FoodTrackerTests.xctest */ = {isa = PBXFileReference; explicitFileType = wrapper.cfbundle; includeInIndex = 0; path = FoodTrackerTests.xctest; sourceTree = BUILT_PRODUCTS_DIR; };
		A68011D9242FEF490021E65C /* FoodTrackerTests.swift */ = {isa = PBXFileReference; lastKnownFileType = sourcecode.swift; path = FoodTrackerTests.swift; sourceTree = "<group>"; };
		A68011DB242FEF490021E65C /* Info.plist */ = {isa = PBXFileReference; lastKnownFileType = text.plist.xml; path = Info.plist; sourceTree = "<group>"; };
		A6A7A5152434142300054C18 /* RatingControl.swift */ = {isa = PBXFileReference; lastKnownFileType = sourcecode.swift; path = RatingControl.swift; sourceTree = "<group>"; };
		A6A7A5172434C41F00054C18 /* Meal.swift */ = {isa = PBXFileReference; lastKnownFileType = sourcecode.swift; path = Meal.swift; sourceTree = "<group>"; };
		A6A7A51924353C0600054C18 /* MealTableViewCell.swift */ = {isa = PBXFileReference; lastKnownFileType = sourcecode.swift; path = MealTableViewCell.swift; sourceTree = "<group>"; };
		A6A7A51B24353F3E00054C18 /* MealTableViewController.swift */ = {isa = PBXFileReference; lastKnownFileType = sourcecode.swift; path = MealTableViewController.swift; sourceTree = "<group>"; };
/* End PBXFileReference section */

/* Begin PBXFrameworksBuildPhase section */
		A68011BC242FEF410021E65C /* Frameworks */ = {
			isa = PBXFrameworksBuildPhase;
			buildActionMask = 2147483647;
			files = (
			);
			runOnlyForDeploymentPostprocessing = 0;
		};
		A68011D2242FEF490021E65C /* Frameworks */ = {
			isa = PBXFrameworksBuildPhase;
			buildActionMask = 2147483647;
			files = (
			);
			runOnlyForDeploymentPostprocessing = 0;
		};
/* End PBXFrameworksBuildPhase section */

/* Begin PBXGroup section */
		A68011B6242FEF410021E65C = {
			isa = PBXGroup;
			children = (
				A68011C1242FEF410021E65C /* FoodTracker */,
				A68011D8242FEF490021E65C /* FoodTrackerTests */,
				A68011C0242FEF410021E65C /* Products */,
			);
			sourceTree = "<group>";
		};
		A68011C0242FEF410021E65C /* Products */ = {
			isa = PBXGroup;
			children = (
				A68011BF242FEF410021E65C /* FoodTracker.app */,
				A68011D5242FEF490021E65C /* FoodTrackerTests.xctest */,
			);
			name = Products;
			sourceTree = "<group>";
		};
		A68011C1242FEF410021E65C /* FoodTracker */ = {
			isa = PBXGroup;
			children = (
				A68011C2242FEF410021E65C /* AppDelegate.swift */,
				A68011C4242FEF410021E65C /* SceneDelegate.swift */,
				A68011C6242FEF410021E65C /* MealViewController.swift */,
				A6A7A5172434C41F00054C18 /* Meal.swift */,
				A6A7A5152434142300054C18 /* RatingControl.swift */,
				A6A7A51B24353F3E00054C18 /* MealTableViewController.swift */,
				A6A7A51924353C0600054C18 /* MealTableViewCell.swift */,
				A68011C8242FEF410021E65C /* Main.storyboard */,
				A68011CB242FEF490021E65C /* Assets.xcassets */,
				A68011CD242FEF490021E65C /* LaunchScreen.storyboard */,
				A68011D0242FEF490021E65C /* Info.plist */,
			);
			path = FoodTracker;
			sourceTree = "<group>";
		};
		A68011D8242FEF490021E65C /* FoodTrackerTests */ = {
			isa = PBXGroup;
			children = (
				A68011D9242FEF490021E65C /* FoodTrackerTests.swift */,
				A68011DB242FEF490021E65C /* Info.plist */,
			);
			path = FoodTrackerTests;
			sourceTree = "<group>";
		};
/* End PBXGroup section */

/* Begin PBXNativeTarget section */
		A68011BE242FEF410021E65C /* FoodTracker */ = {
			isa = PBXNativeTarget;
			buildConfigurationList = A68011DE242FEF490021E65C /* Build configuration list for PBXNativeTarget "FoodTracker" */;
			buildPhases = (
				A68011BB242FEF410021E65C /* Sources */,
				A68011BC242FEF410021E65C /* Frameworks */,
				A68011BD242FEF410021E65C /* Resources */,
			);
			buildRules = (
			);
			dependencies = (
			);
			name = FoodTracker;
			productName = FoodTracker;
			productReference = A68011BF242FEF410021E65C /* FoodTracker.app */;
			productType = "com.apple.product-type.application";
		};
		A68011D4242FEF490021E65C /* FoodTrackerTests */ = {
			isa = PBXNativeTarget;
			buildConfigurationList = A68011E1242FEF490021E65C /* Build configuration list for PBXNativeTarget "FoodTrackerTests" */;
			buildPhases = (
				A68011D1242FEF490021E65C /* Sources */,
				A68011D2242FEF490021E65C /* Frameworks */,
				A68011D3242FEF490021E65C /* Resources */,
			);
			buildRules = (
			);
			dependencies = (
				A68011D7242FEF490021E65C /* PBXTargetDependency */,
			);
			name = FoodTrackerTests;
			productName = FoodTrackerTests;
			productReference = A68011D5242FEF490021E65C /* FoodTrackerTests.xctest */;
			productType = "com.apple.product-type.bundle.unit-test";
		};
/* End PBXNativeTarget section */

/* Begin PBXProject section */
		A68011B7242FEF410021E65C /* Project object */ = {
			isa = PBXProject;
			attributes = {
				LastSwiftUpdateCheck = 1110;
				LastUpgradeCheck = 1110;
				ORGANIZATIONNAME = "Kishan Patel";
				TargetAttributes = {
					A68011BE242FEF410021E65C = {
						CreatedOnToolsVersion = 11.1;
					};
					A68011D4242FEF490021E65C = {
						CreatedOnToolsVersion = 11.1;
						TestTargetID = A68011BE242FEF410021E65C;
					};
				};
			};
			buildConfigurationList = A68011BA242FEF410021E65C /* Build configuration list for PBXProject "FoodTracker" */;
			compatibilityVersion = "Xcode 9.3";
			developmentRegion = en;
			hasScannedForEncodings = 0;
			knownRegions = (
				en,
				Base,
			);
			mainGroup = A68011B6242FEF410021E65C;
			productRefGroup = A68011C0242FEF410021E65C /* Products */;
			projectDirPath = "";
			projectRoot = "";
			targets = (
				A68011BE242FEF410021E65C /* FoodTracker */,
				A68011D4242FEF490021E65C /* FoodTrackerTests */,
			);
		};
/* End PBXProject section */

/* Begin PBXResourcesBuildPhase section */
		A68011BD242FEF410021E65C /* Resources */ = {
			isa = PBXResourcesBuildPhase;
			buildActionMask = 2147483647;
			files = (
				A68011CF242FEF490021E65C /* LaunchScreen.storyboard in Resources */,
				A68011CC242FEF490021E65C /* Assets.xcassets in Resources */,
				A68011CA242FEF410021E65C /* Main.storyboard in Resources */,
			);
			runOnlyForDeploymentPostprocessing = 0;
		};
		A68011D3242FEF490021E65C /* Resources */ = {
			isa = PBXResourcesBuildPhase;
			buildActionMask = 2147483647;
			files = (
			);
			runOnlyForDeploymentPostprocessing = 0;
		};
/* End PBXResourcesBuildPhase section */

/* Begin PBXSourcesBuildPhase section */
		A68011BB242FEF410021E65C /* Sources */ = {
			isa = PBXSourcesBuildPhase;
			buildActionMask = 2147483647;
			files = (
				A6A7A5182434C41F00054C18 /* Meal.swift in Sources */,
				A6A7A5162434142300054C18 /* RatingControl.swift in Sources */,
				A6A7A51C24353F3E00054C18 /* MealTableViewController.swift in Sources */,
				A6A7A51A24353C0600054C18 /* MealTableViewCell.swift in Sources */,
				A68011C7242FEF410021E65C /* MealViewController.swift in Sources */,
				A68011C3242FEF410021E65C /* AppDelegate.swift in Sources */,
				A68011C5242FEF410021E65C /* SceneDelegate.swift in Sources */,
			);
			runOnlyForDeploymentPostprocessing = 0;
		};
		A68011D1242FEF490021E65C /* Sources */ = {
			isa = PBXSourcesBuildPhase;
			buildActionMask = 2147483647;
			files = (
				A68011DA242FEF490021E65C /* FoodTrackerTests.swift in Sources */,
			);
			runOnlyForDeploymentPostprocessing = 0;
		};
/* End PBXSourcesBuildPhase section */

/* Begin PBXTargetDependency section */
		A68011D7242FEF490021E65C /* PBXTargetDependency */ = {
			isa = PBXTargetDependency;
			target = A68011BE242FEF410021E65C /* FoodTracker */;
			targetProxy = A68011D6242FEF490021E65C /* PBXContainerItemProxy */;
		};
/* End PBXTargetDependency section */

/* Begin PBXVariantGroup section */
		A68011C8242FEF410021E65C /* Main.storyboard */ = {
			isa = PBXVariantGroup;
			children = (
				A68011C9242FEF410021E65C /* Base */,
			);
			name = Main.storyboard;
			sourceTree = "<group>";
		};
		A68011CD242FEF490021E65C /* LaunchScreen.storyboard */ = {
			isa = PBXVariantGroup;
			children = (
				A68011CE242FEF490021E65C /* Base */,
			);
			name = LaunchScreen.storyboard;
			sourceTree = "<group>";
		};
/* End PBXVariantGroup section */

/* Begin XCBuildConfiguration section */
		A68011DC242FEF490021E65C /* Debug */ = {
			isa = XCBuildConfiguration;
			buildSettings = {
				ALWAYS_SEARCH_USER_PATHS = NO;
				CLANG_ANALYZER_NONNULL = YES;
				CLANG_ANALYZER_NUMBER_OBJECT_CONVERSION = YES_AGGRESSIVE;
				CLANG_CXX_LANGUAGE_STANDARD = "gnu++14";
				CLANG_CXX_LIBRARY = "libc++";
				CLANG_ENABLE_MODULES = YES;
				CLANG_ENABLE_OBJC_ARC = YES;
				CLANG_ENABLE_OBJC_WEAK = YES;
				CLANG_WARN_BLOCK_CAPTURE_AUTORELEASING = YES;
				CLANG_WARN_BOOL_CONVERSION = YES;
				CLANG_WARN_COMMA = YES;
				CLANG_WARN_CONSTANT_CONVERSION = YES;
				CLANG_WARN_DEPRECATED_OBJC_IMPLEMENTATIONS = YES;
				CLANG_WARN_DIRECT_OBJC_ISA_USAGE = YES_ERROR;
				CLANG_WARN_DOCUMENTATION_COMMENTS = YES;
				CLANG_WARN_EMPTY_BODY = YES;
				CLANG_WARN_ENUM_CONVERSION = YES;
				CLANG_WARN_INFINITE_RECURSION = YES;
				CLANG_WARN_INT_CONVERSION = YES;
				CLANG_WARN_NON_LITERAL_NULL_CONVERSION = YES;
				CLANG_WARN_OBJC_IMPLICIT_RETAIN_SELF = YES;
				CLANG_WARN_OBJC_LITERAL_CONVERSION = YES;
				CLANG_WARN_OBJC_ROOT_CLASS = YES_ERROR;
				CLANG_WARN_RANGE_LOOP_ANALYSIS = YES;
				CLANG_WARN_STRICT_PROTOTYPES = YES;
				CLANG_WARN_SUSPICIOUS_MOVE = YES;
				CLANG_WARN_UNGUARDED_AVAILABILITY = YES_AGGRESSIVE;
				CLANG_WARN_UNREACHABLE_CODE = YES;
				CLANG_WARN__DUPLICATE_METHOD_MATCH = YES;
				COPY_PHASE_STRIP = NO;
				DEBUG_INFORMATION_FORMAT = dwarf;
				ENABLE_STRICT_OBJC_MSGSEND = YES;
				ENABLE_TESTABILITY = YES;
				GCC_C_LANGUAGE_STANDARD = gnu11;
				GCC_DYNAMIC_NO_PIC = NO;
				GCC_NO_COMMON_BLOCKS = YES;
				GCC_OPTIMIZATION_LEVEL = 0;
				GCC_PREPROCESSOR_DEFINITIONS = (
					"DEBUG=1",
					"$(inherited)",
				);
				GCC_WARN_64_TO_32_BIT_CONVERSION = YES;
				GCC_WARN_ABOUT_RETURN_TYPE = YES_ERROR;
				GCC_WARN_UNDECLARED_SELECTOR = YES;
				GCC_WARN_UNINITIALIZED_AUTOS = YES_AGGRESSIVE;
				GCC_WARN_UNUSED_FUNCTION = YES;
				GCC_WARN_UNUSED_VARIABLE = YES;
				IPHONEOS_DEPLOYMENT_TARGET = 13.1;
				MTL_ENABLE_DEBUG_INFO = INCLUDE_SOURCE;
				MTL_FAST_MATH = YES;
				ONLY_ACTIVE_ARCH = YES;
				SDKROOT = iphoneos;
				SWIFT_ACTIVE_COMPILATION_CONDITIONS = DEBUG;
				SWIFT_OPTIMIZATION_LEVEL = "-Onone";
			};
			name = Debug;
		};
		A68011DD242FEF490021E65C /* Release */ = {
			isa = XCBuildConfiguration;
			buildSettings = {
				ALWAYS_SEARCH_USER_PATHS = NO;
				CLANG_ANALYZER_NONNULL = YES;
				CLANG_ANALYZER_NUMBER_OBJECT_CONVERSION = YES_AGGRESSIVE;
				CLANG_CXX_LANGUAGE_STANDARD = "gnu++14";
				CLANG_CXX_LIBRARY = "libc++";
				CLANG_ENABLE_MODULES = YES;
				CLANG_ENABLE_OBJC_ARC = YES;
				CLANG_ENABLE_OBJC_WEAK = YES;
				CLANG_WARN_BLOCK_CAPTURE_AUTORELEASING = YES;
				CLANG_WARN_BOOL_CONVERSION = YES;
				CLANG_WARN_COMMA = YES;
				CLANG_WARN_CONSTANT_CONVERSION = YES;
				CLANG_WARN_DEPRECATED_OBJC_IMPLEMENTATIONS = YES;
				CLANG_WARN_DIRECT_OBJC_ISA_USAGE = YES_ERROR;
				CLANG_WARN_DOCUMENTATION_COMMENTS = YES;
				CLANG_WARN_EMPTY_BODY = YES;
				CLANG_WARN_ENUM_CONVERSION = YES;
				CLANG_WARN_INFINITE_RECURSION = YES;
				CLANG_WARN_INT_CONVERSION = YES;
				CLANG_WARN_NON_LITERAL_NULL_CONVERSION = YES;
				CLANG_WARN_OBJC_IMPLICIT_RETAIN_SELF = YES;
				CLANG_WARN_OBJC_LITERAL_CONVERSION = YES;
				CLANG_WARN_OBJC_ROOT_CLASS = YES_ERROR;
				CLANG_WARN_RANGE_LOOP_ANALYSIS = YES;
				CLANG_WARN_STRICT_PROTOTYPES = YES;
				CLANG_WARN_SUSPICIOUS_MOVE = YES;
				CLANG_WARN_UNGUARDED_AVAILABILITY = YES_AGGRESSIVE;
				CLANG_WARN_UNREACHABLE_CODE = YES;
				CLANG_WARN__DUPLICATE_METHOD_MATCH = YES;
				COPY_PHASE_STRIP = NO;
				DEBUG_INFORMATION_FORMAT = "dwarf-with-dsym";
				ENABLE_NS_ASSERTIONS = NO;
				ENABLE_STRICT_OBJC_MSGSEND = YES;
				GCC_C_LANGUAGE_STANDARD = gnu11;
				GCC_NO_COMMON_BLOCKS = YES;
				GCC_WARN_64_TO_32_BIT_CONVERSION = YES;
				GCC_WARN_ABOUT_RETURN_TYPE = YES_ERROR;
				GCC_WARN_UNDECLARED_SELECTOR = YES;
				GCC_WARN_UNINITIALIZED_AUTOS = YES_AGGRESSIVE;
				GCC_WARN_UNUSED_FUNCTION = YES;
				GCC_WARN_UNUSED_VARIABLE = YES;
				IPHONEOS_DEPLOYMENT_TARGET = 13.1;
				MTL_ENABLE_DEBUG_INFO = NO;
				MTL_FAST_MATH = YES;
				SDKROOT = iphoneos;
				SWIFT_COMPILATION_MODE = wholemodule;
				SWIFT_OPTIMIZATION_LEVEL = "-O";
				VALIDATE_PRODUCT = YES;
			};
			name = Release;
		};
		A68011DF242FEF490021E65C /* Debug */ = {
			isa = XCBuildConfiguration;
			buildSettings = {
				ASSETCATALOG_COMPILER_APPICON_NAME = AppIcon;
				CODE_SIGN_STYLE = Automatic;
				INFOPLIST_FILE = FoodTracker/Info.plist;
				LD_RUNPATH_SEARCH_PATHS = (
					"$(inherited)",
					"@executable_path/Frameworks",
				);
				PRODUCT_BUNDLE_IDENTIFIER = me.FoodTracker;
				PRODUCT_NAME = "$(TARGET_NAME)";
				SWIFT_VERSION = 5.0;
				TARGETED_DEVICE_FAMILY = "1,2";
			};
			name = Debug;
		};
		A68011E0242FEF490021E65C /* Release */ = {
			isa = XCBuildConfiguration;
			buildSettings = {
				ASSETCATALOG_COMPILER_APPICON_NAME = AppIcon;
				CODE_SIGN_STYLE = Automatic;
				INFOPLIST_FILE = FoodTracker/Info.plist;
				LD_RUNPATH_SEARCH_PATHS = (
					"$(inherited)",
					"@executable_path/Frameworks",
				);
				PRODUCT_BUNDLE_IDENTIFIER = me.FoodTracker;
				PRODUCT_NAME = "$(TARGET_NAME)";
				SWIFT_VERSION = 5.0;
				TARGETED_DEVICE_FAMILY = "1,2";
			};
			name = Release;
		};
		A68011E2242FEF490021E65C /* Debug */ = {
			isa = XCBuildConfiguration;
			buildSettings = {
				ALWAYS_EMBED_SWIFT_STANDARD_LIBRARIES = YES;
				BUNDLE_LOADER = "$(TEST_HOST)";
				CODE_SIGN_STYLE = Automatic;
				INFOPLIST_FILE = FoodTrackerTests/Info.plist;
				IPHONEOS_DEPLOYMENT_TARGET = 13.1;
				LD_RUNPATH_SEARCH_PATHS = (
					"$(inherited)",
					"@executable_path/Frameworks",
					"@loader_path/Frameworks",
				);
				PRODUCT_BUNDLE_IDENTIFIER = me.FoodTrackerTests;
				PRODUCT_NAME = "$(TARGET_NAME)";
				SWIFT_VERSION = 5.0;
				TARGETED_DEVICE_FAMILY = "1,2";
				TEST_HOST = "$(BUILT_PRODUCTS_DIR)/FoodTracker.app/FoodTracker";
			};
			name = Debug;
		};
		A68011E3242FEF490021E65C /* Release */ = {
			isa = XCBuildConfiguration;
			buildSettings = {
				ALWAYS_EMBED_SWIFT_STANDARD_LIBRARIES = YES;
				BUNDLE_LOADER = "$(TEST_HOST)";
				CODE_SIGN_STYLE = Automatic;
				INFOPLIST_FILE = FoodTrackerTests/Info.plist;
				IPHONEOS_DEPLOYMENT_TARGET = 13.1;
				LD_RUNPATH_SEARCH_PATHS = (
					"$(inherited)",
					"@executable_path/Frameworks",
					"@loader_path/Frameworks",
				);
				PRODUCT_BUNDLE_IDENTIFIER = me.FoodTrackerTests;
				PRODUCT_NAME = "$(TARGET_NAME)";
				SWIFT_VERSION = 5.0;
				TARGETED_DEVICE_FAMILY = "1,2";
				TEST_HOST = "$(BUILT_PRODUCTS_DIR)/FoodTracker.app/FoodTracker";
			};
			name = Release;
		};
/* End XCBuildConfiguration section */

/* Begin XCConfigurationList section */
		A68011BA242FEF410021E65C /* Build configuration list for PBXProject "FoodTracker" */ = {
			isa = XCConfigurationList;
			buildConfigurations = (
				A68011DC242FEF490021E65C /* Debug */,
				A68011DD242FEF490021E65C /* Release */,
			);
			defaultConfigurationIsVisible = 0;
			defaultConfigurationName = Release;
		};
		A68011DE242FEF490021E65C /* Build configuration list for PBXNativeTarget "FoodTracker" */ = {
			isa = XCConfigurationList;
			buildConfigurations = (
				A68011DF242FEF490021E65C /* Debug */,
				A68011E0242FEF490021E65C /* Release */,
			);
			defaultConfigurationIsVisible = 0;
			defaultConfigurationName = Release;
		};
		A68011E1242FEF490021E65C /* Build configuration list for PBXNativeTarget "FoodTrackerTests" */ = {
			isa = XCConfigurationList;
			buildConfigurations = (
				A68011E2242FEF490021E65C /* Debug */,
				A68011E3242FEF490021E65C /* Release */,
			);
			defaultConfigurationIsVisible = 0;
			defaultConfigurationName = Release;
		};
/* End XCConfigurationList section */
	};
	rootObject = A68011B7242FEF410021E65C /* Project object */;
}
